
Microsoft Visual Studio Solution File, Format Version 12.00
# Visual Studio Version 16
VisualStudioVersion = 16.0.30320.27
MinimumVisualStudioVersion = 10.0.40219.1
Project("{FAE04EC0-301F-11D3-BF4B-00C04F79EFBC}") = "evenoddGame", "evenoddGame\evenoddGame.csproj", "{C4EE1C7B-22F3-4ECD-A176-417A82B93186}"
EndProject
Global
	GlobalSection(SolutionConfigurationPlatforms) = preSolution
		Debug|Any CPU = Debug|Any CPU
		Release|Any CPU = Release|Any CPU
	EndGlobalSection
	GlobalSection(ProjectConfigurationPlatforms) = postSolution
		{C4EE1C7B-22F3-4ECD-A176-417A82B93186}.Debug|Any CPU.ActiveCfg = Debug|Any CPU
		{C4EE1C7B-22F3-4ECD-A176-417A82B93186}.Debug|Any CPU.Build.0 = Debug|Any CPU
		{C4EE1C7B-22F3-4ECD-A176-417A82B93186}.Release|Any CPU.ActiveCfg = Release|Any CPU
		{C4EE1C7B-22F3-4ECD-A176-417A82B93186}.Release|Any CPU.Build.0 = Release|Any CPU
	EndGlobalSection
	GlobalSection(SolutionProperties) = preSolution
		HideSolutionNode = FALSE
	EndGlobalSection
	GlobalSection(ExtensibilityGlobals) = postSolution
		SolutionGuid = {EDEE2FEE-EF30-44E0-8A6F-E7831097049D}
	EndGlobalSection
EndGlobal
